// !$*UTF8*$!
{
	archiveVersion = 1;
	classes = {
	};
	objectVersion = 50;
	objects = {

/* Begin PBXBuildFile section */
		90E2709B246BF33700AF8AE0 /* AppDelegate.swift in Sources */ = {isa = PBXBuildFile; fileRef = 90E2709A246BF33700AF8AE0 /* AppDelegate.swift */; };
		90E2709D246BF33700AF8AE0 /* SceneDelegate.swift in Sources */ = {isa = PBXBuildFile; fileRef = 90E2709C246BF33700AF8AE0 /* SceneDelegate.swift */; };
		90E2709F246BF33700AF8AE0 /* ViewController.swift in Sources */ = {isa = PBXBuildFile; fileRef = 90E2709E246BF33700AF8AE0 /* ViewController.swift */; };
		90E270A2246BF33700AF8AE0 /* Main.storyboard in Resources */ = {isa = PBXBuildFile; fileRef = 90E270A0246BF33700AF8AE0 /* Main.storyboard */; };
		90E270A4246BF33C00AF8AE0 /* Assets.xcassets in Resources */ = {isa = PBXBuildFile; fileRef = 90E270A3246BF33C00AF8AE0 /* Assets.xcassets */; };
		90E270A7246BF33C00AF8AE0 /* LaunchScreen.storyboard in Resources */ = {isa = PBXBuildFile; fileRef = 90E270A5246BF33C00AF8AE0 /* LaunchScreen.storyboard */; };
/* End PBXBuildFile section */

/* Begin PBXFileReference section */
		90E27097246BF33700AF8AE0 /* BetterWeatherApp.app */ = {isa = PBXFileReference; explicitFileType = wrapper.application; includeInIndex = 0; path = BetterWeatherApp.app; sourceTree = BUILT_PRODUCTS_DIR; };
		90E2709A246BF33700AF8AE0 /* AppDelegate.swift */ = {isa = PBXFileReference; lastKnownFileType = sourcecode.swift; path = AppDelegate.swift; sourceTree = "<group>"; };
		90E2709C246BF33700AF8AE0 /* SceneDelegate.swift */ = {isa = PBXFileReference; lastKnownFileType = sourcecode.swift; path = SceneDelegate.swift; sourceTree = "<group>"; };
		90E2709E246BF33700AF8AE0 /* ViewController.swift */ = {isa = PBXFileReference; lastKnownFileType = sourcecode.swift; path = ViewController.swift; sourceTree = "<group>"; };
		90E270A1246BF33700AF8AE0 /* Base */ = {isa = PBXFileReference; lastKnownFileType = file.storyboard; name = Base; path = Base.lproj/Main.storyboard; sourceTree = "<group>"; };
		90E270A3246BF33C00AF8AE0 /* Assets.xcassets */ = {isa = PBXFileReference; lastKnownFileType = folder.assetcatalog; path = Assets.xcassets; sourceTree = "<group>"; };
		90E270A6246BF33C00AF8AE0 /* Base */ = {isa = PBXFileReference; lastKnownFileType = file.storyboard; name = Base; path = Base.lproj/LaunchScreen.storyboard; sourceTree = "<group>"; };
		90E270A8246BF33C00AF8AE0 /* Info.plist */ = {isa = PBXFileReference; lastKnownFileType = text.plist.xml; path = Info.plist; sourceTree = "<group>"; };
/* End PBXFileReference section */

/* Begin PBXFrameworksBuildPhase section */
		90E27094246BF33700AF8AE0 /* Frameworks */ = {
			isa = PBXFrameworksBuildPhase;
			buildActionMask = 2147483647;
			files = (
			);
			runOnlyForDeploymentPostprocessing = 0;
		};
/* End PBXFrameworksBuildPhase section */

/* Begin PBXGroup section */
		90E2708E246BF33700AF8AE0 = {
			isa = PBXGroup;
			children = (
				90E27099246BF33700AF8AE0 /* BetterWeatherApp */,
				90E27098246BF33700AF8AE0 /* Products */,
			);
			sourceTree = "<group>";
		};
		90E27098246BF33700AF8AE0 /* Products */ = {
			isa = PBXGroup;
			children = (
				90E27097246BF33700AF8AE0 /* BetterWeatherApp.app */,
			);
			name = Products;
			sourceTree = "<group>";
		};
		90E27099246BF33700AF8AE0 /* BetterWeatherApp */ = {
			isa = PBXGroup;
			children = (
				90E2709A246BF33700AF8AE0 /* AppDelegate.swift */,
				90E2709C246BF33700AF8AE0 /* SceneDelegate.swift */,
				90E2709E246BF33700AF8AE0 /* ViewController.swift */,
				90E270A0246BF33700AF8AE0 /* Main.storyboard */,
				90E270A3246BF33C00AF8AE0 /* Assets.xcassets */,
				90E270A5246BF33C00AF8AE0 /* LaunchScreen.storyboard */,
				90E270A8246BF33C00AF8AE0 /* Info.plist */,
			);
			path = BetterWeatherApp;
			sourceTree = "<group>";
		};
/* End PBXGroup section */

/* Begin PBXNativeTarget section */
		90E27096246BF33700AF8AE0 /* BetterWeatherApp */ = {
			isa = PBXNativeTarget;
			buildConfigurationList = 90E270AB246BF33C00AF8AE0 /* Build configuration list for PBXNativeTarget "BetterWeatherApp" */;
			buildPhases = (
				90E27093246BF33700AF8AE0 /* Sources */,
				90E27094246BF33700AF8AE0 /* Frameworks */,
				90E27095246BF33700AF8AE0 /* Resources */,
			);
			buildRules = (
			);
			dependencies = (
			);
			name = BetterWeatherApp;
			productName = BetterWeatherApp;
			productReference = 90E27097246BF33700AF8AE0 /* BetterWeatherApp.app */;
			productType = "com.apple.product-type.application";
		};
/* End PBXNativeTarget section */

/* Begin PBXProject section */
		90E2708F246BF33700AF8AE0 /* Project object */ = {
			isa = PBXProject;
			attributes = {
				LastSwiftUpdateCheck = 1140;
				LastUpgradeCheck = 1140;
				ORGANIZATIONNAME = "Nishant Gupta";
				TargetAttributes = {
					90E27096246BF33700AF8AE0 = {
						CreatedOnToolsVersion = 11.4.1;
					};
				};
			};
			buildConfigurationList = 90E27092246BF33700AF8AE0 /* Build configuration list for PBXProject "BetterWeatherApp" */;
			compatibilityVersion = "Xcode 9.3";
			developmentRegion = en;
			hasScannedForEncodings = 0;
			knownRegions = (
				en,
				Base,
			);
			mainGroup = 90E2708E246BF33700AF8AE0;
			productRefGroup = 90E27098246BF33700AF8AE0 /* Products */;
			projectDirPath = "";
			projectRoot = "";
			targets = (
				90E27096246BF33700AF8AE0 /* BetterWeatherApp */,
			);
		};
/* End PBXProject section */

/* Begin PBXResourcesBuildPhase section */
		90E27095246BF33700AF8AE0 /* Resources */ = {
			isa = PBXResourcesBuildPhase;
			buildActionMask = 2147483647;
			files = (
				90E270A7246BF33C00AF8AE0 /* LaunchScreen.storyboard in Resources */,
				90E270A4246BF33C00AF8AE0 /* Assets.xcassets in Resources */,
				90E270A2246BF33700AF8AE0 /* Main.storyboard in Resources */,
			);
			runOnlyForDeploymentPostprocessing = 0;
		};
/* End PBXResourcesBuildPhase section */

/* Begin PBXSourcesBuildPhase section */
		90E27093246BF33700AF8AE0 /* Sources */ = {
			isa = PBXSourcesBuildPhase;
			buildActionMask = 2147483647;
			files = (
				90E2709F246BF33700AF8AE0 /* ViewController.swift in Sources */,
				90E2709B246BF33700AF8AE0 /* AppDelegate.swift in Sources */,
				90E2709D246BF33700AF8AE0 /* SceneDelegate.swift in Sources */,
			);
			runOnlyForDeploymentPostprocessing = 0;
		};
/* End PBXSourcesBuildPhase section */

/* Begin PBXVariantGroup section */
		90E270A0246BF33700AF8AE0 /* Main.storyboard */ = {
			isa = PBXVariantGroup;
			children = (
				90E270A1246BF33700AF8AE0 /* Base */,
			);
			name = Main.storyboard;
			sourceTree = "<group>";
		};
		90E270A5246BF33C00AF8AE0 /* LaunchScreen.storyboard */ = {
			isa = PBXVariantGroup;
			children = (
				90E270A6246BF33C00AF8AE0 /* Base */,
			);
			name = LaunchScreen.storyboard;
			sourceTree = "<group>";
		};
/* End PBXVariantGroup section */

/* Begin XCBuildConfiguration section */
		90E270A9246BF33C00AF8AE0 /* Debug */ = {
			isa = XCBuildConfiguration;
			buildSettings = {
				ALWAYS_SEARCH_USER_PATHS = NO;
				CLANG_ANALYZER_NONNULL = YES;
				CLANG_ANALYZER_NUMBER_OBJECT_CONVERSION = YES_AGGRESSIVE;
				CLANG_CXX_LANGUAGE_STANDARD = "gnu++14";
				CLANG_CXX_LIBRARY = "libc++";
				CLANG_ENABLE_MODULES = YES;
				CLANG_ENABLE_OBJC_ARC = YES;
				CLANG_ENABLE_OBJC_WEAK = YES;
				CLANG_WARN_BLOCK_CAPTURE_AUTORELEASING = YES;
				CLANG_WARN_BOOL_CONVERSION = YES;
				CLANG_WARN_COMMA = YES;
				CLANG_WARN_CONSTANT_CONVERSION = YES;
				CLANG_WARN_DEPRECATED_OBJC_IMPLEMENTATIONS = YES;
				CLANG_WARN_DIRECT_OBJC_ISA_USAGE = YES_ERROR;
				CLANG_WARN_DOCUMENTATION_COMMENTS = YES;
				CLANG_WARN_EMPTY_BODY = YES;
				CLANG_WARN_ENUM_CONVERSION = YES;
				CLANG_WARN_INFINITE_RECURSION = YES;
				CLANG_WARN_INT_CONVERSION = YES;
				CLANG_WARN_NON_LITERAL_NULL_CONVERSION = YES;
				CLANG_WARN_OBJC_IMPLICIT_RETAIN_SELF = YES;
				CLANG_WARN_OBJC_LITERAL_CONVERSION = YES;
				CLANG_WARN_OBJC_ROOT_CLASS = YES_ERROR;
				CLANG_WARN_RANGE_LOOP_ANALYSIS = YES;
				CLANG_WARN_STRICT_PROTOTYPES = YES;
				CLANG_WARN_SUSPICIOUS_MOVE = YES;
				CLANG_WARN_UNGUARDED_AVAILABILITY = YES_AGGRESSIVE;
				CLANG_WARN_UNREACHABLE_CODE = YES;
				CLANG_WARN__DUPLICATE_METHOD_MATCH = YES;
				COPY_PHASE_STRIP = NO;
				DEBUG_INFORMATION_FORMAT = dwarf;
				ENABLE_STRICT_OBJC_MSGSEND = YES;
				ENABLE_TESTABILITY = YES;
				GCC_C_LANGUAGE_STANDARD = gnu11;
				GCC_DYNAMIC_NO_PIC = NO;
				GCC_NO_COMMON_BLOCKS = YES;
				GCC_OPTIMIZATION_LEVEL = 0;
				GCC_PREPROCESSOR_DEFINITIONS = (
					"DEBUG=1",
					"$(inherited)",
				);
				GCC_WARN_64_TO_32_BIT_CONVERSION = YES;
				GCC_WARN_ABOUT_RETURN_TYPE = YES_ERROR;
				GCC_WARN_UNDECLARED_SELECTOR = YES;
				GCC_WARN_UNINITIALIZED_AUTOS = YES_AGGRESSIVE;
				GCC_WARN_UNUSED_FUNCTION = YES;
				GCC_WARN_UNUSED_VARIABLE = YES;
				IPHONEOS_DEPLOYMENT_TARGET = 13.4;
				MTL_ENABLE_DEBUG_INFO = INCLUDE_SOURCE;
				MTL_FAST_MATH = YES;
				ONLY_ACTIVE_ARCH = YES;
				SDKROOT = iphoneos;
				SWIFT_ACTIVE_COMPILATION_CONDITIONS = DEBUG;
				SWIFT_OPTIMIZATION_LEVEL = "-Onone";
			};
			name = Debug;
		};
		90E270AA246BF33C00AF8AE0 /* Release */ = {
			isa = XCBuildConfiguration;
			buildSettings = {
				ALWAYS_SEARCH_USER_PATHS = NO;
				CLANG_ANALYZER_NONNULL = YES;
				CLANG_ANALYZER_NUMBER_OBJECT_CONVERSION = YES_AGGRESSIVE;
				CLANG_CXX_LANGUAGE_STANDARD = "gnu++14";
				CLANG_CXX_LIBRARY = "libc++";
				CLANG_ENABLE_MODULES = YES;
				CLANG_ENABLE_OBJC_ARC = YES;
				CLANG_ENABLE_OBJC_WEAK = YES;
				CLANG_WARN_BLOCK_CAPTURE_AUTORELEASING = YES;
				CLANG_WARN_BOOL_CONVERSION = YES;
				CLANG_WARN_COMMA = YES;
				CLANG_WARN_CONSTANT_CONVERSION = YES;
				CLANG_WARN_DEPRECATED_OBJC_IMPLEMENTATIONS = YES;
				CLANG_WARN_DIRECT_OBJC_ISA_USAGE = YES_ERROR;
				CLANG_WARN_DOCUMENTATION_COMMENTS = YES;
				CLANG_WARN_EMPTY_BODY = YES;
				CLANG_WARN_ENUM_CONVERSION = YES;
				CLANG_WARN_INFINITE_RECURSION = YES;
				CLANG_WARN_INT_CONVERSION = YES;
				CLANG_WARN_NON_LITERAL_NULL_CONVERSION = YES;
				CLANG_WARN_OBJC_IMPLICIT_RETAIN_SELF = YES;
				CLANG_WARN_OBJC_LITERAL_CONVERSION = YES;
				CLANG_WARN_OBJC_ROOT_CLASS = YES_ERROR;
				CLANG_WARN_RANGE_LOOP_ANALYSIS = YES;
				CLANG_WARN_STRICT_PROTOTYPES = YES;
				CLANG_WARN_SUSPICIOUS_MOVE = YES;
				CLANG_WARN_UNGUARDED_AVAILABILITY = YES_AGGRESSIVE;
				CLANG_WARN_UNREACHABLE_CODE = YES;
				CLANG_WARN__DUPLICATE_METHOD_MATCH = YES;
				COPY_PHASE_STRIP = NO;
				DEBUG_INFORMATION_FORMAT = "dwarf-with-dsym";
				ENABLE_NS_ASSERTIONS = NO;
				ENABLE_STRICT_OBJC_MSGSEND = YES;
				GCC_C_LANGUAGE_STANDARD = gnu11;
				GCC_NO_COMMON_BLOCKS = YES;
				GCC_WARN_64_TO_32_BIT_CONVERSION = YES;
				GCC_WARN_ABOUT_RETURN_TYPE = YES_ERROR;
				GCC_WARN_UNDECLARED_SELECTOR = YES;
				GCC_WARN_UNINITIALIZED_AUTOS = YES_AGGRESSIVE;
				GCC_WARN_UNUSED_FUNCTION = YES;
				GCC_WARN_UNUSED_VARIABLE = YES;
				IPHONEOS_DEPLOYMENT_TARGET = 13.4;
				MTL_ENABLE_DEBUG_INFO = NO;
				MTL_FAST_MATH = YES;
				SDKROOT = iphoneos;
				SWIFT_COMPILATION_MODE = wholemodule;
				SWIFT_OPTIMIZATION_LEVEL = "-O";
				VALIDATE_PRODUCT = YES;
			};
			name = Release;
		};
		90E270AC246BF33C00AF8AE0 /* Debug */ = {
			isa = XCBuildConfiguration;
			buildSettings = {
				ASSETCATALOG_COMPILER_APPICON_NAME = AppIcon;
				CODE_SIGN_STYLE = Automatic;
				DEVELOPMENT_TEAM = 94WQ83H2PW;
				INFOPLIST_FILE = BetterWeatherApp/Info.plist;
				LD_RUNPATH_SEARCH_PATHS = (
					"$(inherited)",
					"@executable_path/Frameworks",
				);
				PRODUCT_BUNDLE_IDENTIFIER = com.depthin.BetterWeatherApp;
				PRODUCT_NAME = "$(TARGET_NAME)";
				SWIFT_VERSION = 5.0;
				TARGETED_DEVICE_FAMILY = "1,2";
			};
			name = Debug;
		};
		90E270AD246BF33C00AF8AE0 /* Release */ = {
			isa = XCBuildConfiguration;
			buildSettings = {
				ASSETCATALOG_COMPILER_APPICON_NAME = AppIcon;
				CODE_SIGN_STYLE = Automatic;
				DEVELOPMENT_TEAM = 94WQ83H2PW;
				INFOPLIST_FILE = BetterWeatherApp/Info.plist;
				LD_RUNPATH_SEARCH_PATHS = (
					"$(inherited)",
					"@executable_path/Frameworks",
				);
				PRODUCT_BUNDLE_IDENTIFIER = com.depthin.BetterWeatherApp;
				PRODUCT_NAME = "$(TARGET_NAME)";
				SWIFT_VERSION = 5.0;
				TARGETED_DEVICE_FAMILY = "1,2";
			};
			name = Release;
		};
/* End XCBuildConfiguration section */

/* Begin XCConfigurationList section */
		90E27092246BF33700AF8AE0 /* Build configuration list for PBXProject "BetterWeatherApp" */ = {
			isa = XCConfigurationList;
			buildConfigurations = (
				90E270A9246BF33C00AF8AE0 /* Debug */,
				90E270AA246BF33C00AF8AE0 /* Release */,
			);
			defaultConfigurationIsVisible = 0;
			defaultConfigurationName = Release;
		};
		90E270AB246BF33C00AF8AE0 /* Build configuration list for PBXNativeTarget "BetterWeatherApp" */ = {
			isa = XCConfigurationList;
			buildConfigurations = (
				90E270AC246BF33C00AF8AE0 /* Debug */,
				90E270AD246BF33C00AF8AE0 /* Release */,
			);
			defaultConfigurationIsVisible = 0;
			defaultConfigurationName = Release;
		};
/* End XCConfigurationList section */
	};
	rootObject = 90E2708F246BF33700AF8AE0 /* Project object */;
}
